
Microsoft Visual Studio Solution File, Format Version 12.00
# Visual Studio Version 17
VisualStudioVersion = 17.10.35004.147
MinimumVisualStudioVersion = 10.0.40219.1
Project("{FAE04EC0-301F-11D3-BF4B-00C04F79EFBC}") = "EmployeeForms", "EmployeeForms\EmployeeForms.csproj", "{25CAD797-4B8F-48ED-9ABF-D15B6E1CEC13}"
EndProject
Global
	GlobalSection(SolutionConfigurationPlatforms) = preSolution
		Debug|Any CPU = Debug|Any CPU
		Release|Any CPU = Release|Any CPU
	EndGlobalSection
	GlobalSection(ProjectConfigurationPlatforms) = postSolution
		{25CAD797-4B8F-48ED-9ABF-D15B6E1CEC13}.Debug|Any CPU.ActiveCfg = Debug|Any CPU
		{25CAD797-4B8F-48ED-9ABF-D15B6E1CEC13}.Debug|Any CPU.Build.0 = Debug|Any CPU
		{25CAD797-4B8F-48ED-9ABF-D15B6E1CEC13}.Release|Any CPU.ActiveCfg = Release|Any CPU
		{25CAD797-4B8F-48ED-9ABF-D15B6E1CEC13}.Release|Any CPU.Build.0 = Release|Any CPU
	EndGlobalSection
	GlobalSection(SolutionProperties) = preSolution
		HideSolutionNode = FALSE
	EndGlobalSection
	GlobalSection(ExtensibilityGlobals) = postSolution
		SolutionGuid = {B17864F2-23FF-4240-BEA8-0B08206722D2}
	EndGlobalSection
EndGlobal
