
Microsoft Visual Studio Solution File, Format Version 12.00
# Visual Studio Version 17
VisualStudioVersion = 17.9.34902.65
MinimumVisualStudioVersion = 10.0.40219.1
Project("{FAE04EC0-301F-11D3-BF4B-00C04F79EFBC}") = "App2.Android", "App2.Android\App2.Android.csproj", "{898DC9D8-5847-40BB-BCED-029A5D267776}"
EndProject
Project("{FAE04EC0-301F-11D3-BF4B-00C04F79EFBC}") = "App2", "App2\App2.csproj", "{2E868210-0E7D-47D1-A679-7C0FD3756DC6}"
EndProject
Global
	GlobalSection(SolutionConfigurationPlatforms) = preSolution
		Debug|Any CPU = Debug|Any CPU
		Release|Any CPU = Release|Any CPU
	EndGlobalSection
	GlobalSection(ProjectConfigurationPlatforms) = postSolution
		{898DC9D8-5847-40BB-BCED-029A5D267776}.Debug|Any CPU.ActiveCfg = Debug|Any CPU
		{898DC9D8-5847-40BB-BCED-029A5D267776}.Debug|Any CPU.Build.0 = Debug|Any CPU
		{898DC9D8-5847-40BB-BCED-029A5D267776}.Debug|Any CPU.Deploy.0 = Debug|Any CPU
		{898DC9D8-5847-40BB-BCED-029A5D267776}.Release|Any CPU.ActiveCfg = Release|Any CPU
		{898DC9D8-5847-40BB-BCED-029A5D267776}.Release|Any CPU.Build.0 = Release|Any CPU
		{898DC9D8-5847-40BB-BCED-029A5D267776}.Release|Any CPU.Deploy.0 = Release|Any CPU
		{2E868210-0E7D-47D1-A679-7C0FD3756DC6}.Debug|Any CPU.ActiveCfg = Debug|Any CPU
		{2E868210-0E7D-47D1-A679-7C0FD3756DC6}.Debug|Any CPU.Build.0 = Debug|Any CPU
		{2E868210-0E7D-47D1-A679-7C0FD3756DC6}.Debug|Any CPU.Deploy.0 = Debug|Any CPU
		{2E868210-0E7D-47D1-A679-7C0FD3756DC6}.Release|Any CPU.ActiveCfg = Release|Any CPU
		{2E868210-0E7D-47D1-A679-7C0FD3756DC6}.Release|Any CPU.Build.0 = Release|Any CPU
		{2E868210-0E7D-47D1-A679-7C0FD3756DC6}.Release|Any CPU.Deploy.0 = Release|Any CPU
	EndGlobalSection
	GlobalSection(SolutionProperties) = preSolution
		HideSolutionNode = FALSE
	EndGlobalSection
	GlobalSection(ExtensibilityGlobals) = postSolution
		SolutionGuid = {007257F7-B928-4B43-BBA6-BBAB0C8F86E5}
	EndGlobalSection
EndGlobal
